{
  "name": "fsmate",
  "version": "2.1.1",
  "lockfileVersion": 2,
  "requires": true,
  "packages": {
    "": {
      "name": "fsmate",
      "version": "2.1.1",
      "license": "MIT",
      "dependencies": {
        "printfy": "^2.0.2"
      }
    },
    "node_modules/printfy": {
      "version": "2.0.2",
      "resolved": "https://registry.npmjs.org/printfy/-/printfy-2.0.2.tgz",
      "integrity": "sha512-qMQdjkUtelCw2+XMmlI6JCyzoLT+M8C0pkJt5mq/ScPUVPXfZwX7XNfm04mFAE8xmnHH2tKgiupSoh8AHkSFhg==",
      "engines": {
        "node": ">=12"
      }
    }
  },
  "dependencies": {
    "printfy": {
      "version": "2.0.2",
      "resolved": "https://registry.npmjs.org/printfy/-/printfy-2.0.2.tgz",
      "integrity": "sha512-qMQdjkUtelCw2+XMmlI6JCyzoLT+M8C0pkJt5mq/ScPUVPXfZwX7XNfm04mFAE8xmnHH2tKgiupSoh8AHkSFhg=="
    }
  }
}
