{
  "name": "fsmate",
  "version": "2.4.1",
  "lockfileVersion": 2,
  "requires": true,
  "packages": {
    "": {
      "name": "fsmate",
      "version": "2.4.1",
      "license": "MIT",
      "dependencies": {
        "printfy": "^2.0.5"
      }
    },
    "node_modules/printfy": {
      "version": "2.0.5",
      "resolved": "https://registry.npmjs.org/printfy/-/printfy-2.0.5.tgz",
      "integrity": "sha512-719pwmMNQa+ypM+sWtD0O2jCEc1ZLw6GbaJ5sH4lley6obMmd/DS2uBO++ITFAXYSYL3ZGp7SGxoy8M5Sr9l/Q==",
      "engines": {
        "node": ">=12"
      }
    }
  },
  "dependencies": {
    "printfy": {
      "version": "2.0.5",
      "resolved": "https://registry.npmjs.org/printfy/-/printfy-2.0.5.tgz",
      "integrity": "sha512-719pwmMNQa+ypM+sWtD0O2jCEc1ZLw6GbaJ5sH4lley6obMmd/DS2uBO++ITFAXYSYL3ZGp7SGxoy8M5Sr9l/Q=="
    }
  }
}
