{
  "name": "fsmate",
  "version": "2.5.1",
  "lockfileVersion": 2,
  "requires": true,
  "packages": {
    "": {
      "name": "fsmate",
      "version": "2.5.1",
      "license": "MIT",
      "dependencies": {
        "printfy": "^2.0.5"
      }
    },
    "node_modules/printfy": {
      "version": "2.1.0",
      "resolved": "https://registry.npmjs.org/printfy/-/printfy-2.1.0.tgz",
      "integrity": "sha512-F4VW4Ud5UOxJ5ZOXJSi1G5/4fKWHln3t/0Jw3EV9bWQymGpvUzjLUxRkeuZNA/Dlbs4B9wH8fFtKuyPlvM4AYg==",
      "engines": {
        "node": ">=12"
      }
    }
  },
  "dependencies": {
    "printfy": {
      "version": "2.1.0",
      "resolved": "https://registry.npmjs.org/printfy/-/printfy-2.1.0.tgz",
      "integrity": "sha512-F4VW4Ud5UOxJ5ZOXJSi1G5/4fKWHln3t/0Jw3EV9bWQymGpvUzjLUxRkeuZNA/Dlbs4B9wH8fFtKuyPlvM4AYg=="
    }
  }
}
